Microsoft Visual Studio Solution File, Format Version 12.00
# Visual Studio 15
VisualStudioVersion = 15.0.27703.2035
MinimumVisualStudioVersion = 10.0.40219.1
Project("{9A19103F-16F7-4668-BE54-9A1E7A4F7556}") = "Xam.Plugins.OnDeviceCustomVision", "Xam.Plugins.OnDeviceCustomVision\Xam.Plugins.OnDeviceCustomVision.csproj", "{DFEA14A9-5F1A-48E5-B40A-820B02153597}"
EndProject
Project("{FAE04EC0-301F-11D3-BF4B-00C04F79EFBC}") = "Xam.Plugins.OnDeviceCustomVision.Droid", "Xam.Plugins.OnDeviceCustomVision.Droid\Xam.Plugins.OnDeviceCustomVision.Droid.csproj", "{9FDA0172-09F3-43C1-9F84-8E8A74AB2E97}"
EndProject
Project("{FAE04EC0-301F-11D3-BF4B-00C04F79EFBC}") = "Xam.Plugins.OnDeviceCustomVision.iOS", "Xam.Plugins.OnDeviceCustomVision.iOS\Xam.Plugins.OnDeviceCustomVision.iOS.csproj", "{2910106C-7EE9-445B-A4AD-6C543ACF41AE}"
EndProject
Project("{D954291E-2A0B-460D-934E-DC6B0785DB48}") = "Xam.Plugins.OnDeviceCustomVision.Shared", "Xam.Plugins.OnDeviceCustomVision.Shared\Xam.Plugins.OnDeviceCustomVision.Shared.shproj", "{B3F85494-A9F5-4A3A-BE59-39E6A311FA55}"
EndProject
Project("{2150E333-8FDC-42A3-9474-1A3956D46DE8}") = "SampleApps", "SampleApps", "{BEBAD4AA-7BD1-42D4-8469-7BF8AA18A7D6}"
EndProject
Project("{2150E333-8FDC-42A3-9474-1A3956D46DE8}") = "CurrencyRecogniser", "CurrencyRecogniser", "{8456959F-C260-43A4-A899-2E493A51F388}"
EndProject
Project("{9A19103F-16F7-4668-BE54-9A1E7A4F7556}") = "CurrencyRecogniser", "SampleApps\CurrencyRecogniser\CurrencyRecogniser\CurrencyRecogniser.csproj", "{8E8B7CD0-2CE1-4442-8A14-80B4431D51A4}"
EndProject
Project("{FAE04EC0-301F-11D3-BF4B-00C04F79EFBC}") = "CurrencyRecogniser.Android", "SampleApps\CurrencyRecogniser\CurrencyRecogniser.Android\CurrencyRecogniser.Android.csproj", "{D3E03A3A-8CF7-4D33-B033-5D6B0D9B392D}"
EndProject
Project("{FAE04EC0-301F-11D3-BF4B-00C04F79EFBC}") = "CurrencyRecogniser.iOS", "SampleApps\CurrencyRecogniser\CurrencyRecogniser.iOS\CurrencyRecogniser.iOS.csproj", "{340E9ADE-0D70-4659-BD89-EEC1334295F4}"
EndProject
Project("{FAE04EC0-301F-11D3-BF4B-00C04F79EFBC}") = "CurrencyRecogniser.UWP", "SampleApps\CurrencyRecogniser\CurrencyRecogniser.UWP\CurrencyRecogniser.UWP.csproj", "{5D4EE029-E709-47C1-AF8C-B16EAB422A35}"
EndProject
Project("{FAE04EC0-301F-11D3-BF4B-00C04F79EFBC}") = "Xam.Plugins.OnDeviceCustomVision.UWP", "Xam.Plugins.OnDeviceCustomVision.UWP\Xam.Plugins.OnDeviceCustomVision.UWP.csproj", "{D7BBE6E0-6704-4D88-8D17-8ED0016C3EF5}"
EndProject
Global
	GlobalSection(SharedMSBuildProjectFiles) = preSolution
		Xam.Plugins.OnDeviceCustomVision.Shared\Xam.Plugins.OnDeviceCustomVision.Shared.projitems*{2910106c-7ee9-445b-a4ad-6c543acf41ae}*SharedItemsImports = 4
		Xam.Plugins.OnDeviceCustomVision.Shared\Xam.Plugins.OnDeviceCustomVision.Shared.projitems*{9fda0172-09f3-43c1-9f84-8e8a74ab2e97}*SharedItemsImports = 4
		Xam.Plugins.OnDeviceCustomVision.Shared\Xam.Plugins.OnDeviceCustomVision.Shared.projitems*{b3f85494-a9f5-4a3a-be59-39e6a311fa55}*SharedItemsImports = 13
		Xam.Plugins.OnDeviceCustomVision.Shared\Xam.Plugins.OnDeviceCustomVision.Shared.projitems*{d7bbe6e0-6704-4d88-8d17-8ed0016c3ef5}*SharedItemsImports = 4
	EndGlobalSection
	GlobalSection(SolutionConfigurationPlatforms) = preSolution
		Ad-Hoc|Any CPU = Ad-Hoc|Any CPU
		Ad-Hoc|ARM = Ad-Hoc|ARM
		Ad-Hoc|iPhone = Ad-Hoc|iPhone
		Ad-Hoc|iPhoneSimulator = Ad-Hoc|iPhoneSimulator
		Ad-Hoc|x64 = Ad-Hoc|x64
		Ad-Hoc|x86 = Ad-Hoc|x86
		AppStore|Any CPU = AppStore|Any CPU
		AppStore|ARM = AppStore|ARM
		AppStore|iPhone = AppStore|iPhone
		AppStore|iPhoneSimulator = AppStore|iPhoneSimulator
		AppStore|x64 = AppStore|x64
		AppStore|x86 = AppStore|x86
		Debug|Any CPU = Debug|Any CPU
		Debug|ARM = Debug|ARM
		Debug|iPhone = Debug|iPhone
		Debug|iPhoneSimulator = Debug|iPhoneSimulator
		Debug|x64 = Debug|x64
		Debug|x86 = Debug|x86
		Release|Any CPU = Release|Any CPU
		Release|ARM = Release|ARM
		Release|iPhone = Release|iPhone
		Release|iPhoneSimulator = Release|iPhoneSimulator
		Release|x64 = Release|x64
		Release|x86 = Release|x86
	EndGlobalSection
	GlobalSection(ProjectConfigurationPlatforms) = postSolution
		{DFEA14A9-5F1A-48E5-B40A-820B02153597}.Ad-Hoc|Any CPU.ActiveCfg = Release|Any CPU
		{DFEA14A9-5F1A-48E5-B40A-820B02153597}.Ad-Hoc|Any CPU.Build.0 = Release|Any CPU
		{DFEA14A9-5F1A-48E5-B40A-820B02153597}.Ad-Hoc|ARM.ActiveCfg = Release|Any CPU
		{DFEA14A9-5F1A-48E5-B40A-820B02153597}.Ad-Hoc|ARM.Build.0 = Release|Any CPU
		{DFEA14A9-5F1A-48E5-B40A-820B02153597}.Ad-Hoc|iPhone.ActiveCfg = Release|Any CPU
		{DFEA14A9-5F1A-48E5-B40A-820B02153597}.Ad-Hoc|iPhone.Build.0 = Release|Any CPU
		{DFEA14A9-5F1A-48E5-B40A-820B02153597}.Ad-Hoc|iPhoneSimulator.ActiveCfg = Release|Any CPU
		{DFEA14A9-5F1A-48E5-B40A-820B02153597}.Ad-Hoc|iPhoneSimulator.Build.0 = Release|Any CPU
		{DFEA14A9-5F1A-48E5-B40A-820B02153597}.Ad-Hoc|x64.ActiveCfg = Release|Any CPU
		{DFEA14A9-5F1A-48E5-B40A-820B02153597}.Ad-Hoc|x64.Build.0 = Release|Any CPU
		{DFEA14A9-5F1A-48E5-B40A-820B02153597}.Ad-Hoc|x86.ActiveCfg = Release|Any CPU
		{DFEA14A9-5F1A-48E5-B40A-820B02153597}.Ad-Hoc|x86.Build.0 = Release|Any CPU
		{DFEA14A9-5F1A-48E5-B40A-820B02153597}.AppStore|Any CPU.ActiveCfg = Release|Any CPU
		{DFEA14A9-5F1A-48E5-B40A-820B02153597}.AppStore|Any CPU.Build.0 = Release|Any CPU
		{DFEA14A9-5F1A-48E5-B40A-820B02153597}.AppStore|ARM.ActiveCfg = Release|Any CPU
		{DFEA14A9-5F1A-48E5-B40A-820B02153597}.AppStore|ARM.Build.0 = Release|Any CPU
		{DFEA14A9-5F1A-48E5-B40A-820B02153597}.AppStore|iPhone.ActiveCfg = Release|Any CPU
		{DFEA14A9-5F1A-48E5-B40A-820B02153597}.AppStore|iPhone.Build.0 = Release|Any CPU
		{DFEA14A9-5F1A-48E5-B40A-820B02153597}.AppStore|iPhoneSimulator.ActiveCfg = Release|Any CPU
		{DFEA14A9-5F1A-48E5-B40A-820B02153597}.AppStore|iPhoneSimulator.Build.0 = Release|Any CPU
		{DFEA14A9-5F1A-48E5-B40A-820B02153597}.AppStore|x64.ActiveCfg = Release|Any CPU
		{DFEA14A9-5F1A-48E5-B40A-820B02153597}.AppStore|x64.Build.0 = Release|Any CPU
		{DFEA14A9-5F1A-48E5-B40A-820B02153597}.AppStore|x86.ActiveCfg = Release|Any CPU
		{DFEA14A9-5F1A-48E5-B40A-820B02153597}.AppStore|x86.Build.0 = Release|Any CPU
		{DFEA14A9-5F1A-48E5-B40A-820B02153597}.Debug|Any CPU.ActiveCfg = Debug|Any CPU
		{DFEA14A9-5F1A-48E5-B40A-820B02153597}.Debug|Any CPU.Build.0 = Debug|Any CPU
		{DFEA14A9-5F1A-48E5-B40A-820B02153597}.Debug|ARM.ActiveCfg = Debug|Any CPU
		{DFEA14A9-5F1A-48E5-B40A-820B02153597}.Debug|ARM.Build.0 = Debug|Any CPU
		{DFEA14A9-5F1A-48E5-B40A-820B02153597}.Debug|iPhone.ActiveCfg = Debug|Any CPU
		{DFEA14A9-5F1A-48E5-B40A-820B02153597}.Debug|iPhone.Build.0 = Debug|Any CPU
		{DFEA14A9-5F1A-48E5-B40A-820B02153597}.Debug|iPhoneSimulator.ActiveCfg = Debug|Any CPU
		{DFEA14A9-5F1A-48E5-B40A-820B02153597}.Debug|iPhoneSimulator.Build.0 = Debug|Any CPU
		{DFEA14A9-5F1A-48E5-B40A-820B02153597}.Debug|x64.ActiveCfg = Debug|Any CPU
		{DFEA14A9-5F1A-48E5-B40A-820B02153597}.Debug|x64.Build.0 = Debug|Any CPU
		{DFEA14A9-5F1A-48E5-B40A-820B02153597}.Debug|x86.ActiveCfg = Debug|Any CPU
		{DFEA14A9-5F1A-48E5-B40A-820B02153597}.Debug|x86.Build.0 = Debug|Any CPU
		{DFEA14A9-5F1A-48E5-B40A-820B02153597}.Release|Any CPU.ActiveCfg = Release|Any CPU
		{DFEA14A9-5F1A-48E5-B40A-820B02153597}.Release|Any CPU.Build.0 = Release|Any CPU
		{DFEA14A9-5F1A-48E5-B40A-820B02153597}.Release|ARM.ActiveCfg = Release|Any CPU
		{DFEA14A9-5F1A-48E5-B40A-820B02153597}.Release|ARM.Build.0 = Release|Any CPU
		{DFEA14A9-5F1A-48E5-B40A-820B02153597}.Release|iPhone.ActiveCfg = Release|Any CPU
		{DFEA14A9-5F1A-48E5-B40A-820B02153597}.Release|iPhone.Build.0 = Release|Any CPU
		{DFEA14A9-5F1A-48E5-B40A-820B02153597}.Release|iPhoneSimulator.ActiveCfg = Release|Any CPU
		{DFEA14A9-5F1A-48E5-B40A-820B02153597}.Release|iPhoneSimulator.Build.0 = Release|Any CPU
		{DFEA14A9-5F1A-48E5-B40A-820B02153597}.Release|x64.ActiveCfg = Release|Any CPU
		{DFEA14A9-5F1A-48E5-B40A-820B02153597}.Release|x64.Build.0 = Release|Any CPU
		{DFEA14A9-5F1A-48E5-B40A-820B02153597}.Release|x86.ActiveCfg = Release|Any CPU
		{DFEA14A9-5F1A-48E5-B40A-820B02153597}.Release|x86.Build.0 = Release|Any CPU
		{9FDA0172-09F3-43C1-9F84-8E8A74AB2E97}.Ad-Hoc|Any CPU.ActiveCfg = Release|Any CPU
		{9FDA0172-09F3-43C1-9F84-8E8A74AB2E97}.Ad-Hoc|Any CPU.Build.0 = Release|Any CPU
		{9FDA0172-09F3-43C1-9F84-8E8A74AB2E97}.Ad-Hoc|ARM.ActiveCfg = Release|Any CPU
		{9FDA0172-09F3-43C1-9F84-8E8A74AB2E97}.Ad-Hoc|ARM.Build.0 = Release|Any CPU
		{9FDA0172-09F3-43C1-9F84-8E8A74AB2E97}.Ad-Hoc|iPhone.ActiveCfg = Release|Any CPU
		{9FDA0172-09F3-43C1-9F84-8E8A74AB2E97}.Ad-Hoc|iPhone.Build.0 = Release|Any CPU
		{9FDA0172-09F3-43C1-9F84-8E8A74AB2E97}.Ad-Hoc|iPhoneSimulator.ActiveCfg = Release|Any CPU
		{9FDA0172-09F3-43C1-9F84-8E8A74AB2E97}.Ad-Hoc|iPhoneSimulator.Build.0 = Release|Any CPU
		{9FDA0172-09F3-43C1-9F84-8E8A74AB2E97}.Ad-Hoc|x64.ActiveCfg = Release|Any CPU
		{9FDA0172-09F3-43C1-9F84-8E8A74AB2E97}.Ad-Hoc|x64.Build.0 = Release|Any CPU
		{9FDA0172-09F3-43C1-9F84-8E8A74AB2E97}.Ad-Hoc|x86.ActiveCfg = Release|Any CPU
		{9FDA0172-09F3-43C1-9F84-8E8A74AB2E97}.Ad-Hoc|x86.Build.0 = Release|Any CPU
		{9FDA0172-09F3-43C1-9F84-8E8A74AB2E97}.AppStore|Any CPU.ActiveCfg = Release|Any CPU
		{9FDA0172-09F3-43C1-9F84-8E8A74AB2E97}.AppStore|Any CPU.Build.0 = Release|Any CPU
		{9FDA0172-09F3-43C1-9F84-8E8A74AB2E97}.AppStore|ARM.ActiveCfg = Release|Any CPU
		{9FDA0172-09F3-43C1-9F84-8E8A74AB2E97}.AppStore|ARM.Build.0 = Release|Any CPU
		{9FDA0172-09F3-43C1-9F84-8E8A74AB2E97}.AppStore|iPhone.ActiveCfg = Release|Any CPU
		{9FDA0172-09F3-43C1-9F84-8E8A74AB2E97}.AppStore|iPhone.Build.0 = Release|Any CPU
		{9FDA0172-09F3-43C1-9F84-8E8A74AB2E97}.AppStore|iPhoneSimulator.ActiveCfg = Release|Any CPU
		{9FDA0172-09F3-43C1-9F84-8E8A74AB2E97}.AppStore|iPhoneSimulator.Build.0 = Release|Any CPU
		{9FDA0172-09F3-43C1-9F84-8E8A74AB2E97}.AppStore|x64.ActiveCfg = Release|Any CPU
		{9FDA0172-09F3-43C1-9F84-8E8A74AB2E97}.AppStore|x64.Build.0 = Release|Any CPU
		{9FDA0172-09F3-43C1-9F84-8E8A74AB2E97}.AppStore|x86.ActiveCfg = Release|Any CPU
		{9FDA0172-09F3-43C1-9F84-8E8A74AB2E97}.AppStore|x86.Build.0 = Release|Any CPU
		{9FDA0172-09F3-43C1-9F84-8E8A74AB2E97}.Debug|Any CPU.ActiveCfg = Debug|Any CPU
		{9FDA0172-09F3-43C1-9F84-8E8A74AB2E97}.Debug|Any CPU.Build.0 = Debug|Any CPU
		{9FDA0172-09F3-43C1-9F84-8E8A74AB2E97}.Debug|ARM.ActiveCfg = Debug|Any CPU
		{9FDA0172-09F3-43C1-9F84-8E8A74AB2E97}.Debug|ARM.Build.0 = Debug|Any CPU
		{9FDA0172-09F3-43C1-9F84-8E8A74AB2E97}.Debug|iPhone.ActiveCfg = Debug|Any CPU
		{9FDA0172-09F3-43C1-9F84-8E8A74AB2E97}.Debug|iPhone.Build.0 = Debug|Any CPU
		{9FDA0172-09F3-43C1-9F84-8E8A74AB2E97}.Debug|iPhoneSimulator.ActiveCfg = Debug|Any CPU
		{9FDA0172-09F3-43C1-9F84-8E8A74AB2E97}.Debug|iPhoneSimulator.Build.0 = Debug|Any CPU
		{9FDA0172-09F3-43C1-9F84-8E8A74AB2E97}.Debug|x64.ActiveCfg = Debug|Any CPU
		{9FDA0172-09F3-43C1-9F84-8E8A74AB2E97}.Debug|x64.Build.0 = Debug|Any CPU
		{9FDA0172-09F3-43C1-9F84-8E8A74AB2E97}.Debug|x86.ActiveCfg = Debug|Any CPU
		{9FDA0172-09F3-43C1-9F84-8E8A74AB2E97}.Debug|x86.Build.0 = Debug|Any CPU
		{9FDA0172-09F3-43C1-9F84-8E8A74AB2E97}.Release|Any CPU.ActiveCfg = Release|Any CPU
		{9FDA0172-09F3-43C1-9F84-8E8A74AB2E97}.Release|Any CPU.Build.0 = Release|Any CPU
		{9FDA0172-09F3-43C1-9F84-8E8A74AB2E97}.Release|ARM.ActiveCfg = Release|Any CPU
		{9FDA0172-09F3-43C1-9F84-8E8A74AB2E97}.Release|ARM.Build.0 = Release|Any CPU
		{9FDA0172-09F3-43C1-9F84-8E8A74AB2E97}.Release|iPhone.ActiveCfg = Release|Any CPU
		{9FDA0172-09F3-43C1-9F84-8E8A74AB2E97}.Release|iPhone.Build.0 = Release|Any CPU
		{9FDA0172-09F3-43C1-9F84-8E8A74AB2E97}.Release|iPhoneSimulator.ActiveCfg = Release|Any CPU
		{9FDA0172-09F3-43C1-9F84-8E8A74AB2E97}.Release|iPhoneSimulator.Build.0 = Release|Any CPU
		{9FDA0172-09F3-43C1-9F84-8E8A74AB2E97}.Release|x64.ActiveCfg = Release|Any CPU
		{9FDA0172-09F3-43C1-9F84-8E8A74AB2E97}.Release|x64.Build.0 = Release|Any CPU
		{9FDA0172-09F3-43C1-9F84-8E8A74AB2E97}.Release|x86.ActiveCfg = Release|Any CPU
		{9FDA0172-09F3-43C1-9F84-8E8A74AB2E97}.Release|x86.Build.0 = Release|Any CPU
		{2910106C-7EE9-445B-A4AD-6C543ACF41AE}.Ad-Hoc|Any CPU.ActiveCfg = Release|Any CPU
		{2910106C-7EE9-445B-A4AD-6C543ACF41AE}.Ad-Hoc|Any CPU.Build.0 = Release|Any CPU
		{2910106C-7EE9-445B-A4AD-6C543ACF41AE}.Ad-Hoc|ARM.ActiveCfg = Release|Any CPU
		{2910106C-7EE9-445B-A4AD-6C543ACF41AE}.Ad-Hoc|ARM.Build.0 = Release|Any CPU
		{2910106C-7EE9-445B-A4AD-6C543ACF41AE}.Ad-Hoc|iPhone.ActiveCfg = Release|Any CPU
		{2910106C-7EE9-445B-A4AD-6C543ACF41AE}.Ad-Hoc|iPhone.Build.0 = Release|Any CPU
		{2910106C-7EE9-445B-A4AD-6C543ACF41AE}.Ad-Hoc|iPhoneSimulator.ActiveCfg = Release|Any CPU
		{2910106C-7EE9-445B-A4AD-6C543ACF41AE}.Ad-Hoc|iPhoneSimulator.Build.0 = Release|Any CPU
		{2910106C-7EE9-445B-A4AD-6C543ACF41AE}.Ad-Hoc|x64.ActiveCfg = Release|Any CPU
		{2910106C-7EE9-445B-A4AD-6C543ACF41AE}.Ad-Hoc|x64.Build.0 = Release|Any CPU
		{2910106C-7EE9-445B-A4AD-6C543ACF41AE}.Ad-Hoc|x86.ActiveCfg = Release|Any CPU
		{2910106C-7EE9-445B-A4AD-6C543ACF41AE}.Ad-Hoc|x86.Build.0 = Release|Any CPU
		{2910106C-7EE9-445B-A4AD-6C543ACF41AE}.AppStore|Any CPU.ActiveCfg = Release|Any CPU
		{2910106C-7EE9-445B-A4AD-6C543ACF41AE}.AppStore|Any CPU.Build.0 = Release|Any CPU
		{2910106C-7EE9-445B-A4AD-6C543ACF41AE}.AppStore|ARM.ActiveCfg = Release|Any CPU
		{2910106C-7EE9-445B-A4AD-6C543ACF41AE}.AppStore|ARM.Build.0 = Release|Any CPU
		{2910106C-7EE9-445B-A4AD-6C543ACF41AE}.AppStore|iPhone.ActiveCfg = Release|Any CPU
		{2910106C-7EE9-445B-A4AD-6C543ACF41AE}.AppStore|iPhone.Build.0 = Release|Any CPU
		{2910106C-7EE9-445B-A4AD-6C543ACF41AE}.AppStore|iPhoneSimulator.ActiveCfg = Release|Any CPU
		{2910106C-7EE9-445B-A4AD-6C543ACF41AE}.AppStore|iPhoneSimulator.Build.0 = Release|Any CPU
		{2910106C-7EE9-445B-A4AD-6C543ACF41AE}.AppStore|x64.ActiveCfg = Release|Any CPU
		{2910106C-7EE9-445B-A4AD-6C543ACF41AE}.AppStore|x64.Build.0 = Release|Any CPU
		{2910106C-7EE9-445B-A4AD-6C543ACF41AE}.AppStore|x86.ActiveCfg = Release|Any CPU
		{2910106C-7EE9-445B-A4AD-6C543ACF41AE}.AppStore|x86.Build.0 = Release|Any CPU
		{2910106C-7EE9-445B-A4AD-6C543ACF41AE}.Debug|Any CPU.ActiveCfg = Debug|Any CPU
		{2910106C-7EE9-445B-A4AD-6C543ACF41AE}.Debug|Any CPU.Build.0 = Debug|Any CPU
		{2910106C-7EE9-445B-A4AD-6C543ACF41AE}.Debug|ARM.ActiveCfg = Debug|Any CPU
		{2910106C-7EE9-445B-A4AD-6C543ACF41AE}.Debug|ARM.Build.0 = Debug|Any CPU
		{2910106C-7EE9-445B-A4AD-6C543ACF41AE}.Debug|iPhone.ActiveCfg = Debug|Any CPU
		{2910106C-7EE9-445B-A4AD-6C543ACF41AE}.Debug|iPhone.Build.0 = Debug|Any CPU
		{2910106C-7EE9-445B-A4AD-6C543ACF41AE}.Debug|iPhoneSimulator.ActiveCfg = Debug|Any CPU
		{2910106C-7EE9-445B-A4AD-6C543ACF41AE}.Debug|iPhoneSimulator.Build.0 = Debug|Any CPU
		{2910106C-7EE9-445B-A4AD-6C543ACF41AE}.Debug|x64.ActiveCfg = Debug|Any CPU
		{2910106C-7EE9-445B-A4AD-6C543ACF41AE}.Debug|x64.Build.0 = Debug|Any CPU
		{2910106C-7EE9-445B-A4AD-6C543ACF41AE}.Debug|x86.ActiveCfg = Debug|Any CPU
		{2910106C-7EE9-445B-A4AD-6C543ACF41AE}.Debug|x86.Build.0 = Debug|Any CPU
		{2910106C-7EE9-445B-A4AD-6C543ACF41AE}.Release|Any CPU.ActiveCfg = Release|Any CPU
		{2910106C-7EE9-445B-A4AD-6C543ACF41AE}.Release|Any CPU.Build.0 = Release|Any CPU
		{2910106C-7EE9-445B-A4AD-6C543ACF41AE}.Release|ARM.ActiveCfg = Release|Any CPU
		{2910106C-7EE9-445B-A4AD-6C543ACF41AE}.Release|ARM.Build.0 = Release|Any CPU
		{2910106C-7EE9-445B-A4AD-6C543ACF41AE}.Release|iPhone.ActiveCfg = Release|Any CPU
		{2910106C-7EE9-445B-A4AD-6C543ACF41AE}.Release|iPhone.Build.0 = Release|Any CPU
		{2910106C-7EE9-445B-A4AD-6C543ACF41AE}.Release|iPhoneSimulator.ActiveCfg = Release|Any CPU
		{2910106C-7EE9-445B-A4AD-6C543ACF41AE}.Release|iPhoneSimulator.Build.0 = Release|Any CPU
		{2910106C-7EE9-445B-A4AD-6C543ACF41AE}.Release|x64.ActiveCfg = Release|Any CPU
		{2910106C-7EE9-445B-A4AD-6C543ACF41AE}.Release|x64.Build.0 = Release|Any CPU
		{2910106C-7EE9-445B-A4AD-6C543ACF41AE}.Release|x86.ActiveCfg = Release|Any CPU
		{2910106C-7EE9-445B-A4AD-6C543ACF41AE}.Release|x86.Build.0 = Release|Any CPU
		{8E8B7CD0-2CE1-4442-8A14-80B4431D51A4}.Ad-Hoc|Any CPU.ActiveCfg = Debug|Any CPU
		{8E8B7CD0-2CE1-4442-8A14-80B4431D51A4}.Ad-Hoc|Any CPU.Build.0 = Debug|Any CPU
		{8E8B7CD0-2CE1-4442-8A14-80B4431D51A4}.Ad-Hoc|ARM.ActiveCfg = Debug|Any CPU
		{8E8B7CD0-2CE1-4442-8A14-80B4431D51A4}.Ad-Hoc|ARM.Build.0 = Debug|Any CPU
		{8E8B7CD0-2CE1-4442-8A14-80B4431D51A4}.Ad-Hoc|iPhone.ActiveCfg = Debug|Any CPU
		{8E8B7CD0-2CE1-4442-8A14-80B4431D51A4}.Ad-Hoc|iPhone.Build.0 = Debug|Any CPU
		{8E8B7CD0-2CE1-4442-8A14-80B4431D51A4}.Ad-Hoc|iPhoneSimulator.ActiveCfg = Debug|Any CPU
		{8E8B7CD0-2CE1-4442-8A14-80B4431D51A4}.Ad-Hoc|iPhoneSimulator.Build.0 = Debug|Any CPU
		{8E8B7CD0-2CE1-4442-8A14-80B4431D51A4}.Ad-Hoc|x64.ActiveCfg = Debug|Any CPU
		{8E8B7CD0-2CE1-4442-8A14-80B4431D51A4}.Ad-Hoc|x64.Build.0 = Debug|Any CPU
		{8E8B7CD0-2CE1-4442-8A14-80B4431D51A4}.Ad-Hoc|x86.ActiveCfg = Debug|Any CPU
		{8E8B7CD0-2CE1-4442-8A14-80B4431D51A4}.Ad-Hoc|x86.Build.0 = Debug|Any CPU
		{8E8B7CD0-2CE1-4442-8A14-80B4431D51A4}.AppStore|Any CPU.ActiveCfg = Debug|Any CPU
		{8E8B7CD0-2CE1-4442-8A14-80B4431D51A4}.AppStore|Any CPU.Build.0 = Debug|Any CPU
		{8E8B7CD0-2CE1-4442-8A14-80B4431D51A4}.AppStore|ARM.ActiveCfg = Debug|Any CPU
		{8E8B7CD0-2CE1-4442-8A14-80B4431D51A4}.AppStore|ARM.Build.0 = Debug|Any CPU
		{8E8B7CD0-2CE1-4442-8A14-80B4431D51A4}.AppStore|iPhone.ActiveCfg = Debug|Any CPU
		{8E8B7CD0-2CE1-4442-8A14-80B4431D51A4}.AppStore|iPhone.Build.0 = Debug|Any CPU
		{8E8B7CD0-2CE1-4442-8A14-80B4431D51A4}.AppStore|iPhoneSimulator.ActiveCfg = Debug|Any CPU
		{8E8B7CD0-2CE1-4442-8A14-80B4431D51A4}.AppStore|iPhoneSimulator.Build.0 = Debug|Any CPU
		{8E8B7CD0-2CE1-4442-8A14-80B4431D51A4}.AppStore|x64.ActiveCfg = Debug|Any CPU
		{8E8B7CD0-2CE1-4442-8A14-80B4431D51A4}.AppStore|x64.Build.0 = Debug|Any CPU
		{8E8B7CD0-2CE1-4442-8A14-80B4431D51A4}.AppStore|x86.ActiveCfg = Debug|Any CPU
		{8E8B7CD0-2CE1-4442-8A14-80B4431D51A4}.AppStore|x86.Build.0 = Debug|Any CPU
		{8E8B7CD0-2CE1-4442-8A14-80B4431D51A4}.Debug|Any CPU.ActiveCfg = Debug|Any CPU
		{8E8B7CD0-2CE1-4442-8A14-80B4431D51A4}.Debug|Any CPU.Build.0 = Debug|Any CPU
		{8E8B7CD0-2CE1-4442-8A14-80B4431D51A4}.Debug|ARM.ActiveCfg = Debug|Any CPU
		{8E8B7CD0-2CE1-4442-8A14-80B4431D51A4}.Debug|ARM.Build.0 = Debug|Any CPU
		{8E8B7CD0-2CE1-4442-8A14-80B4431D51A4}.Debug|iPhone.ActiveCfg = Debug|Any CPU
		{8E8B7CD0-2CE1-4442-8A14-80B4431D51A4}.Debug|iPhone.Build.0 = Debug|Any CPU
		{8E8B7CD0-2CE1-4442-8A14-80B4431D51A4}.Debug|iPhoneSimulator.ActiveCfg = Debug|Any CPU
		{8E8B7CD0-2CE1-4442-8A14-80B4431D51A4}.Debug|iPhoneSimulator.Build.0 = Debug|Any CPU
		{8E8B7CD0-2CE1-4442-8A14-80B4431D51A4}.Debug|x64.ActiveCfg = Debug|Any CPU
		{8E8B7CD0-2CE1-4442-8A14-80B4431D51A4}.Debug|x64.Build.0 = Debug|Any CPU
		{8E8B7CD0-2CE1-4442-8A14-80B4431D51A4}.Debug|x86.ActiveCfg = Debug|Any CPU
		{8E8B7CD0-2CE1-4442-8A14-80B4431D51A4}.Debug|x86.Build.0 = Debug|Any CPU
		{8E8B7CD0-2CE1-4442-8A14-80B4431D51A4}.Release|Any CPU.ActiveCfg = Release|Any CPU
		{8E8B7CD0-2CE1-4442-8A14-80B4431D51A4}.Release|Any CPU.Build.0 = Release|Any CPU
		{8E8B7CD0-2CE1-4442-8A14-80B4431D51A4}.Release|ARM.ActiveCfg = Release|Any CPU
		{8E8B7CD0-2CE1-4442-8A14-80B4431D51A4}.Release|ARM.Build.0 = Release|Any CPU
		{8E8B7CD0-2CE1-4442-8A14-80B4431D51A4}.Release|iPhone.ActiveCfg = Release|Any CPU
		{8E8B7CD0-2CE1-4442-8A14-80B4431D51A4}.Release|iPhone.Build.0 = Release|Any CPU
		{8E8B7CD0-2CE1-4442-8A14-80B4431D51A4}.Release|iPhoneSimulator.ActiveCfg = Release|Any CPU
		{8E8B7CD0-2CE1-4442-8A14-80B4431D51A4}.Release|iPhoneSimulator.Build.0 = Release|Any CPU
		{8E8B7CD0-2CE1-4442-8A14-80B4431D51A4}.Release|x64.ActiveCfg = Release|Any CPU
		{8E8B7CD0-2CE1-4442-8A14-80B4431D51A4}.Release|x64.Build.0 = Release|Any CPU
		{8E8B7CD0-2CE1-4442-8A14-80B4431D51A4}.Release|x86.ActiveCfg = Release|Any CPU
		{8E8B7CD0-2CE1-4442-8A14-80B4431D51A4}.Release|x86.Build.0 = Release|Any CPU
		{D3E03A3A-8CF7-4D33-B033-5D6B0D9B392D}.Ad-Hoc|Any CPU.ActiveCfg = Release|Any CPU
		{D3E03A3A-8CF7-4D33-B033-5D6B0D9B392D}.Ad-Hoc|Any CPU.Build.0 = Release|Any CPU
		{D3E03A3A-8CF7-4D33-B033-5D6B0D9B392D}.Ad-Hoc|Any CPU.Deploy.0 = Release|Any CPU
		{D3E03A3A-8CF7-4D33-B033-5D6B0D9B392D}.Ad-Hoc|ARM.ActiveCfg = Release|Any CPU
		{D3E03A3A-8CF7-4D33-B033-5D6B0D9B392D}.Ad-Hoc|ARM.Build.0 = Release|Any CPU
		{D3E03A3A-8CF7-4D33-B033-5D6B0D9B392D}.Ad-Hoc|ARM.Deploy.0 = Release|Any CPU
		{D3E03A3A-8CF7-4D33-B033-5D6B0D9B392D}.Ad-Hoc|iPhone.ActiveCfg = Release|Any CPU
		{D3E03A3A-8CF7-4D33-B033-5D6B0D9B392D}.Ad-Hoc|iPhone.Build.0 = Release|Any CPU
		{D3E03A3A-8CF7-4D33-B033-5D6B0D9B392D}.Ad-Hoc|iPhone.Deploy.0 = Release|Any CPU
		{D3E03A3A-8CF7-4D33-B033-5D6B0D9B392D}.Ad-Hoc|iPhoneSimulator.ActiveCfg = Release|Any CPU
		{D3E03A3A-8CF7-4D33-B033-5D6B0D9B392D}.Ad-Hoc|iPhoneSimulator.Build.0 = Release|Any CPU
		{D3E03A3A-8CF7-4D33-B033-5D6B0D9B392D}.Ad-Hoc|iPhoneSimulator.Deploy.0 = Release|Any CPU
		{D3E03A3A-8CF7-4D33-B033-5D6B0D9B392D}.Ad-Hoc|x64.ActiveCfg = Release|Any CPU
		{D3E03A3A-8CF7-4D33-B033-5D6B0D9B392D}.Ad-Hoc|x64.Build.0 = Release|Any CPU
		{D3E03A3A-8CF7-4D33-B033-5D6B0D9B392D}.Ad-Hoc|x64.Deploy.0 = Release|Any CPU
		{D3E03A3A-8CF7-4D33-B033-5D6B0D9B392D}.Ad-Hoc|x86.ActiveCfg = Release|Any CPU
		{D3E03A3A-8CF7-4D33-B033-5D6B0D9B392D}.Ad-Hoc|x86.Build.0 = Release|Any CPU
		{D3E03A3A-8CF7-4D33-B033-5D6B0D9B392D}.Ad-Hoc|x86.Deploy.0 = Release|Any CPU
		{D3E03A3A-8CF7-4D33-B033-5D6B0D9B392D}.AppStore|Any CPU.ActiveCfg = Release|Any CPU
		{D3E03A3A-8CF7-4D33-B033-5D6B0D9B392D}.AppStore|Any CPU.Build.0 = Release|Any CPU
		{D3E03A3A-8CF7-4D33-B033-5D6B0D9B392D}.AppStore|Any CPU.Deploy.0 = Release|Any CPU
		{D3E03A3A-8CF7-4D33-B033-5D6B0D9B392D}.AppStore|ARM.ActiveCfg = Release|Any CPU
		{D3E03A3A-8CF7-4D33-B033-5D6B0D9B392D}.AppStore|ARM.Build.0 = Release|Any CPU
		{D3E03A3A-8CF7-4D33-B033-5D6B0D9B392D}.AppStore|ARM.Deploy.0 = Release|Any CPU
		{D3E03A3A-8CF7-4D33-B033-5D6B0D9B392D}.AppStore|iPhone.ActiveCfg = Release|Any CPU
		{D3E03A3A-8CF7-4D33-B033-5D6B0D9B392D}.AppStore|iPhone.Build.0 = Release|Any CPU
		{D3E03A3A-8CF7-4D33-B033-5D6B0D9B392D}.AppStore|iPhone.Deploy.0 = Release|Any CPU
		{D3E03A3A-8CF7-4D33-B033-5D6B0D9B392D}.AppStore|iPhoneSimulator.ActiveCfg = Release|Any CPU
		{D3E03A3A-8CF7-4D33-B033-5D6B0D9B392D}.AppStore|iPhoneSimulator.Build.0 = Release|Any CPU
		{D3E03A3A-8CF7-4D33-B033-5D6B0D9B392D}.AppStore|iPhoneSimulator.Deploy.0 = Release|Any CPU
		{D3E03A3A-8CF7-4D33-B033-5D6B0D9B392D}.AppStore|x64.ActiveCfg = Release|Any CPU
		{D3E03A3A-8CF7-4D33-B033-5D6B0D9B392D}.AppStore|x64.Build.0 = Release|Any CPU
		{D3E03A3A-8CF7-4D33-B033-5D6B0D9B392D}.AppStore|x64.Deploy.0 = Release|Any CPU
		{D3E03A3A-8CF7-4D33-B033-5D6B0D9B392D}.AppStore|x86.ActiveCfg = Release|Any CPU
		{D3E03A3A-8CF7-4D33-B033-5D6B0D9B392D}.AppStore|x86.Build.0 = Release|Any CPU
		{D3E03A3A-8CF7-4D33-B033-5D6B0D9B392D}.AppStore|x86.Deploy.0 = Release|Any CPU
		{D3E03A3A-8CF7-4D33-B033-5D6B0D9B392D}.Debug|Any CPU.ActiveCfg = Debug|Any CPU
		{D3E03A3A-8CF7-4D33-B033-5D6B0D9B392D}.Debug|Any CPU.Build.0 = Debug|Any CPU
		{D3E03A3A-8CF7-4D33-B033-5D6B0D9B392D}.Debug|Any CPU.Deploy.0 = Debug|Any CPU
		{D3E03A3A-8CF7-4D33-B033-5D6B0D9B392D}.Debug|ARM.ActiveCfg = Debug|Any CPU
		{D3E03A3A-8CF7-4D33-B033-5D6B0D9B392D}.Debug|ARM.Build.0 = Debug|Any CPU
		{D3E03A3A-8CF7-4D33-B033-5D6B0D9B392D}.Debug|ARM.Deploy.0 = Debug|Any CPU
		{D3E03A3A-8CF7-4D33-B033-5D6B0D9B392D}.Debug|iPhone.ActiveCfg = Debug|Any CPU
		{D3E03A3A-8CF7-4D33-B033-5D6B0D9B392D}.Debug|iPhone.Build.0 = Debug|Any CPU
		{D3E03A3A-8CF7-4D33-B033-5D6B0D9B392D}.Debug|iPhone.Deploy.0 = Debug|Any CPU
		{D3E03A3A-8CF7-4D33-B033-5D6B0D9B392D}.Debug|iPhoneSimulator.ActiveCfg = Debug|Any CPU
		{D3E03A3A-8CF7-4D33-B033-5D6B0D9B392D}.Debug|iPhoneSimulator.Build.0 = Debug|Any CPU
		{D3E03A3A-8CF7-4D33-B033-5D6B0D9B392D}.Debug|iPhoneSimulator.Deploy.0 = Debug|Any CPU
		{D3E03A3A-8CF7-4D33-B033-5D6B0D9B392D}.Debug|x64.ActiveCfg = Debug|Any CPU
		{D3E03A3A-8CF7-4D33-B033-5D6B0D9B392D}.Debug|x64.Build.0 = Debug|Any CPU
		{D3E03A3A-8CF7-4D33-B033-5D6B0D9B392D}.Debug|x64.Deploy.0 = Debug|Any CPU
		{D3E03A3A-8CF7-4D33-B033-5D6B0D9B392D}.Debug|x86.ActiveCfg = Debug|Any CPU
		{D3E03A3A-8CF7-4D33-B033-5D6B0D9B392D}.Debug|x86.Build.0 = Debug|Any CPU
		{D3E03A3A-8CF7-4D33-B033-5D6B0D9B392D}.Debug|x86.Deploy.0 = Debug|Any CPU
		{D3E03A3A-8CF7-4D33-B033-5D6B0D9B392D}.Release|Any CPU.ActiveCfg = Release|Any CPU
		{D3E03A3A-8CF7-4D33-B033-5D6B0D9B392D}.Release|Any CPU.Build.0 = Release|Any CPU
		{D3E03A3A-8CF7-4D33-B033-5D6B0D9B392D}.Release|Any CPU.Deploy.0 = Release|Any CPU
		{D3E03A3A-8CF7-4D33-B033-5D6B0D9B392D}.Release|ARM.ActiveCfg = Release|Any CPU
		{D3E03A3A-8CF7-4D33-B033-5D6B0D9B392D}.Release|ARM.Build.0 = Release|Any CPU
		{D3E03A3A-8CF7-4D33-B033-5D6B0D9B392D}.Release|ARM.Deploy.0 = Release|Any CPU
		{D3E03A3A-8CF7-4D33-B033-5D6B0D9B392D}.Release|iPhone.ActiveCfg = Release|Any CPU
		{D3E03A3A-8CF7-4D33-B033-5D6B0D9B392D}.Release|iPhone.Build.0 = Release|Any CPU
		{D3E03A3A-8CF7-4D33-B033-5D6B0D9B392D}.Release|iPhone.Deploy.0 = Release|Any CPU
		{D3E03A3A-8CF7-4D33-B033-5D6B0D9B392D}.Release|iPhoneSimulator.ActiveCfg = Release|Any CPU
		{D3E03A3A-8CF7-4D33-B033-5D6B0D9B392D}.Release|iPhoneSimulator.Build.0 = Release|Any CPU
		{D3E03A3A-8CF7-4D33-B033-5D6B0D9B392D}.Release|iPhoneSimulator.Deploy.0 = Release|Any CPU
		{D3E03A3A-8CF7-4D33-B033-5D6B0D9B392D}.Release|x64.ActiveCfg = Release|Any CPU
		{D3E03A3A-8CF7-4D33-B033-5D6B0D9B392D}.Release|x64.Build.0 = Release|Any CPU
		{D3E03A3A-8CF7-4D33-B033-5D6B0D9B392D}.Release|x64.Deploy.0 = Release|Any CPU
		{D3E03A3A-8CF7-4D33-B033-5D6B0D9B392D}.Release|x86.ActiveCfg = Release|Any CPU
		{D3E03A3A-8CF7-4D33-B033-5D6B0D9B392D}.Release|x86.Build.0 = Release|Any CPU
		{D3E03A3A-8CF7-4D33-B033-5D6B0D9B392D}.Release|x86.Deploy.0 = Release|Any CPU
		{340E9ADE-0D70-4659-BD89-EEC1334295F4}.Ad-Hoc|Any CPU.ActiveCfg = Ad-Hoc|iPhone
		{340E9ADE-0D70-4659-BD89-EEC1334295F4}.Ad-Hoc|ARM.ActiveCfg = Ad-Hoc|iPhone
		{340E9ADE-0D70-4659-BD89-EEC1334295F4}.Ad-Hoc|iPhone.ActiveCfg = Ad-Hoc|iPhone
		{340E9ADE-0D70-4659-BD89-EEC1334295F4}.Ad-Hoc|iPhone.Build.0 = Ad-Hoc|iPhone
		{340E9ADE-0D70-4659-BD89-EEC1334295F4}.Ad-Hoc|iPhoneSimulator.ActiveCfg = Ad-Hoc|iPhoneSimulator
		{340E9ADE-0D70-4659-BD89-EEC1334295F4}.Ad-Hoc|iPhoneSimulator.Build.0 = Ad-Hoc|iPhoneSimulator
		{340E9ADE-0D70-4659-BD89-EEC1334295F4}.Ad-Hoc|x64.ActiveCfg = Ad-Hoc|iPhone
		{340E9ADE-0D70-4659-BD89-EEC1334295F4}.Ad-Hoc|x86.ActiveCfg = Ad-Hoc|iPhone
		{340E9ADE-0D70-4659-BD89-EEC1334295F4}.AppStore|Any CPU.ActiveCfg = AppStore|iPhone
		{340E9ADE-0D70-4659-BD89-EEC1334295F4}.AppStore|ARM.ActiveCfg = AppStore|iPhone
		{340E9ADE-0D70-4659-BD89-EEC1334295F4}.AppStore|iPhone.ActiveCfg = AppStore|iPhone
		{340E9ADE-0D70-4659-BD89-EEC1334295F4}.AppStore|iPhone.Build.0 = AppStore|iPhone
		{340E9ADE-0D70-4659-BD89-EEC1334295F4}.AppStore|iPhoneSimulator.ActiveCfg = AppStore|iPhoneSimulator
		{340E9ADE-0D70-4659-BD89-EEC1334295F4}.AppStore|iPhoneSimulator.Build.0 = AppStore|iPhoneSimulator
		{340E9ADE-0D70-4659-BD89-EEC1334295F4}.AppStore|x64.ActiveCfg = AppStore|iPhone
		{340E9ADE-0D70-4659-BD89-EEC1334295F4}.AppStore|x86.ActiveCfg = AppStore|iPhone
		{340E9ADE-0D70-4659-BD89-EEC1334295F4}.Debug|Any CPU.ActiveCfg = Debug|iPhone
		{340E9ADE-0D70-4659-BD89-EEC1334295F4}.Debug|ARM.ActiveCfg = Debug|iPhone
		{340E9ADE-0D70-4659-BD89-EEC1334295F4}.Debug|iPhone.ActiveCfg = Debug|iPhone
		{340E9ADE-0D70-4659-BD89-EEC1334295F4}.Debug|iPhone.Build.0 = Debug|iPhone
		{340E9ADE-0D70-4659-BD89-EEC1334295F4}.Debug|iPhoneSimulator.ActiveCfg = Debug|iPhoneSimulator
		{340E9ADE-0D70-4659-BD89-EEC1334295F4}.Debug|iPhoneSimulator.Build.0 = Debug|iPhoneSimulator
		{340E9ADE-0D70-4659-BD89-EEC1334295F4}.Debug|x64.ActiveCfg = Debug|iPhone
		{340E9ADE-0D70-4659-BD89-EEC1334295F4}.Debug|x86.ActiveCfg = Debug|iPhone
		{340E9ADE-0D70-4659-BD89-EEC1334295F4}.Release|Any CPU.ActiveCfg = Release|iPhone
		{340E9ADE-0D70-4659-BD89-EEC1334295F4}.Release|ARM.ActiveCfg = Release|iPhone
		{340E9ADE-0D70-4659-BD89-EEC1334295F4}.Release|iPhone.ActiveCfg = Release|iPhone
		{340E9ADE-0D70-4659-BD89-EEC1334295F4}.Release|iPhone.Build.0 = Release|iPhone
		{340E9ADE-0D70-4659-BD89-EEC1334295F4}.Release|iPhoneSimulator.ActiveCfg = Release|iPhoneSimulator
		{340E9ADE-0D70-4659-BD89-EEC1334295F4}.Release|iPhoneSimulator.Build.0 = Release|iPhoneSimulator
		{340E9ADE-0D70-4659-BD89-EEC1334295F4}.Release|x64.ActiveCfg = Release|iPhone
		{340E9ADE-0D70-4659-BD89-EEC1334295F4}.Release|x86.ActiveCfg = Release|iPhone
		{5D4EE029-E709-47C1-AF8C-B16EAB422A35}.Ad-Hoc|Any CPU.ActiveCfg = Release|x86
		{5D4EE029-E709-47C1-AF8C-B16EAB422A35}.Ad-Hoc|Any CPU.Build.0 = Release|x86
		{5D4EE029-E709-47C1-AF8C-B16EAB422A35}.Ad-Hoc|Any CPU.Deploy.0 = Release|x86
		{5D4EE029-E709-47C1-AF8C-B16EAB422A35}.Ad-Hoc|ARM.ActiveCfg = Release|ARM
		{5D4EE029-E709-47C1-AF8C-B16EAB422A35}.Ad-Hoc|ARM.Build.0 = Release|ARM
		{5D4EE029-E709-47C1-AF8C-B16EAB422A35}.Ad-Hoc|ARM.Deploy.0 = Release|ARM
		{5D4EE029-E709-47C1-AF8C-B16EAB422A35}.Ad-Hoc|iPhone.ActiveCfg = Release|x86
		{5D4EE029-E709-47C1-AF8C-B16EAB422A35}.Ad-Hoc|iPhone.Build.0 = Release|x86
		{5D4EE029-E709-47C1-AF8C-B16EAB422A35}.Ad-Hoc|iPhone.Deploy.0 = Release|x86
		{5D4EE029-E709-47C1-AF8C-B16EAB422A35}.Ad-Hoc|iPhoneSimulator.ActiveCfg = Release|x86
		{5D4EE029-E709-47C1-AF8C-B16EAB422A35}.Ad-Hoc|iPhoneSimulator.Build.0 = Release|x86
		{5D4EE029-E709-47C1-AF8C-B16EAB422A35}.Ad-Hoc|iPhoneSimulator.Deploy.0 = Release|x86
		{5D4EE029-E709-47C1-AF8C-B16EAB422A35}.Ad-Hoc|x64.ActiveCfg = Release|x64
		{5D4EE029-E709-47C1-AF8C-B16EAB422A35}.Ad-Hoc|x64.Build.0 = Release|x64
		{5D4EE029-E709-47C1-AF8C-B16EAB422A35}.Ad-Hoc|x64.Deploy.0 = Release|x64
		{5D4EE029-E709-47C1-AF8C-B16EAB422A35}.Ad-Hoc|x86.ActiveCfg = Release|x86
		{5D4EE029-E709-47C1-AF8C-B16EAB422A35}.Ad-Hoc|x86.Build.0 = Release|x86
		{5D4EE029-E709-47C1-AF8C-B16EAB422A35}.Ad-Hoc|x86.Deploy.0 = Release|x86
		{5D4EE029-E709-47C1-AF8C-B16EAB422A35}.AppStore|Any CPU.ActiveCfg = Release|x86
		{5D4EE029-E709-47C1-AF8C-B16EAB422A35}.AppStore|Any CPU.Build.0 = Release|x86
		{5D4EE029-E709-47C1-AF8C-B16EAB422A35}.AppStore|Any CPU.Deploy.0 = Release|x86
		{5D4EE029-E709-47C1-AF8C-B16EAB422A35}.AppStore|ARM.ActiveCfg = Release|ARM
		{5D4EE029-E709-47C1-AF8C-B16EAB422A35}.AppStore|ARM.Build.0 = Release|ARM
		{5D4EE029-E709-47C1-AF8C-B16EAB422A35}.AppStore|ARM.Deploy.0 = Release|ARM
		{5D4EE029-E709-47C1-AF8C-B16EAB422A35}.AppStore|iPhone.ActiveCfg = Release|x86
		{5D4EE029-E709-47C1-AF8C-B16EAB422A35}.AppStore|iPhone.Build.0 = Release|x86
		{5D4EE029-E709-47C1-AF8C-B16EAB422A35}.AppStore|iPhone.Deploy.0 = Release|x86
		{5D4EE029-E709-47C1-AF8C-B16EAB422A35}.AppStore|iPhoneSimulator.ActiveCfg = Release|x86
		{5D4EE029-E709-47C1-AF8C-B16EAB422A35}.AppStore|iPhoneSimulator.Build.0 = Release|x86
		{5D4EE029-E709-47C1-AF8C-B16EAB422A35}.AppStore|iPhoneSimulator.Deploy.0 = Release|x86
		{5D4EE029-E709-47C1-AF8C-B16EAB422A35}.AppStore|x64.ActiveCfg = Release|x64
		{5D4EE029-E709-47C1-AF8C-B16EAB422A35}.AppStore|x64.Build.0 = Release|x64
		{5D4EE029-E709-47C1-AF8C-B16EAB422A35}.AppStore|x64.Deploy.0 = Release|x64
		{5D4EE029-E709-47C1-AF8C-B16EAB422A35}.AppStore|x86.ActiveCfg = Release|x86
		{5D4EE029-E709-47C1-AF8C-B16EAB422A35}.AppStore|x86.Build.0 = Release|x86
		{5D4EE029-E709-47C1-AF8C-B16EAB422A35}.AppStore|x86.Deploy.0 = Release|x86
		{5D4EE029-E709-47C1-AF8C-B16EAB422A35}.Debug|Any CPU.ActiveCfg = Debug|x86
		{5D4EE029-E709-47C1-AF8C-B16EAB422A35}.Debug|ARM.ActiveCfg = Debug|ARM
		{5D4EE029-E709-47C1-AF8C-B16EAB422A35}.Debug|ARM.Build.0 = Debug|ARM
		{5D4EE029-E709-47C1-AF8C-B16EAB422A35}.Debug|ARM.Deploy.0 = Debug|ARM
		{5D4EE029-E709-47C1-AF8C-B16EAB422A35}.Debug|iPhone.ActiveCfg = Debug|x86
		{5D4EE029-E709-47C1-AF8C-B16EAB422A35}.Debug|iPhoneSimulator.ActiveCfg = Debug|x86
		{5D4EE029-E709-47C1-AF8C-B16EAB422A35}.Debug|x64.ActiveCfg = Debug|x64
		{5D4EE029-E709-47C1-AF8C-B16EAB422A35}.Debug|x64.Build.0 = Debug|x64
		{5D4EE029-E709-47C1-AF8C-B16EAB422A35}.Debug|x64.Deploy.0 = Debug|x64
		{5D4EE029-E709-47C1-AF8C-B16EAB422A35}.Debug|x86.ActiveCfg = Debug|x86
		{5D4EE029-E709-47C1-AF8C-B16EAB422A35}.Debug|x86.Build.0 = Debug|x86
		{5D4EE029-E709-47C1-AF8C-B16EAB422A35}.Debug|x86.Deploy.0 = Debug|x86
		{5D4EE029-E709-47C1-AF8C-B16EAB422A35}.Release|Any CPU.ActiveCfg = Release|x86
		{5D4EE029-E709-47C1-AF8C-B16EAB422A35}.Release|ARM.ActiveCfg = Release|ARM
		{5D4EE029-E709-47C1-AF8C-B16EAB422A35}.Release|ARM.Build.0 = Release|ARM
		{5D4EE029-E709-47C1-AF8C-B16EAB422A35}.Release|ARM.Deploy.0 = Release|ARM
		{5D4EE029-E709-47C1-AF8C-B16EAB422A35}.Release|iPhone.ActiveCfg = Release|x86
		{5D4EE029-E709-47C1-AF8C-B16EAB422A35}.Release|iPhoneSimulator.ActiveCfg = Release|x86
		{5D4EE029-E709-47C1-AF8C-B16EAB422A35}.Release|x64.ActiveCfg = Release|x64
		{5D4EE029-E709-47C1-AF8C-B16EAB422A35}.Release|x64.Build.0 = Release|x64
		{5D4EE029-E709-47C1-AF8C-B16EAB422A35}.Release|x64.Deploy.0 = Release|x64
		{5D4EE029-E709-47C1-AF8C-B16EAB422A35}.Release|x86.ActiveCfg = Release|x86
		{5D4EE029-E709-47C1-AF8C-B16EAB422A35}.Release|x86.Build.0 = Release|x86
		{5D4EE029-E709-47C1-AF8C-B16EAB422A35}.Release|x86.Deploy.0 = Release|x86
		{D7BBE6E0-6704-4D88-8D17-8ED0016C3EF5}.Ad-Hoc|Any CPU.ActiveCfg = Release|Any CPU
		{D7BBE6E0-6704-4D88-8D17-8ED0016C3EF5}.Ad-Hoc|Any CPU.Build.0 = Release|Any CPU
		{D7BBE6E0-6704-4D88-8D17-8ED0016C3EF5}.Ad-Hoc|ARM.ActiveCfg = Release|ARM
		{D7BBE6E0-6704-4D88-8D17-8ED0016C3EF5}.Ad-Hoc|ARM.Build.0 = Release|ARM
		{D7BBE6E0-6704-4D88-8D17-8ED0016C3EF5}.Ad-Hoc|iPhone.ActiveCfg = Release|Any CPU
		{D7BBE6E0-6704-4D88-8D17-8ED0016C3EF5}.Ad-Hoc|iPhone.Build.0 = Release|Any CPU
		{D7BBE6E0-6704-4D88-8D17-8ED0016C3EF5}.Ad-Hoc|iPhoneSimulator.ActiveCfg = Release|Any CPU
		{D7BBE6E0-6704-4D88-8D17-8ED0016C3EF5}.Ad-Hoc|iPhoneSimulator.Build.0 = Release|Any CPU
		{D7BBE6E0-6704-4D88-8D17-8ED0016C3EF5}.Ad-Hoc|x64.ActiveCfg = Release|x64
		{D7BBE6E0-6704-4D88-8D17-8ED0016C3EF5}.Ad-Hoc|x64.Build.0 = Release|x64
		{D7BBE6E0-6704-4D88-8D17-8ED0016C3EF5}.Ad-Hoc|x86.ActiveCfg = Release|x86
		{D7BBE6E0-6704-4D88-8D17-8ED0016C3EF5}.Ad-Hoc|x86.Build.0 = Release|x86
		{D7BBE6E0-6704-4D88-8D17-8ED0016C3EF5}.AppStore|Any CPU.ActiveCfg = Release|Any CPU
		{D7BBE6E0-6704-4D88-8D17-8ED0016C3EF5}.AppStore|Any CPU.Build.0 = Release|Any CPU
		{D7BBE6E0-6704-4D88-8D17-8ED0016C3EF5}.AppStore|ARM.ActiveCfg = Release|ARM
		{D7BBE6E0-6704-4D88-8D17-8ED0016C3EF5}.AppStore|ARM.Build.0 = Release|ARM
		{D7BBE6E0-6704-4D88-8D17-8ED0016C3EF5}.AppStore|iPhone.ActiveCfg = Release|Any CPU
		{D7BBE6E0-6704-4D88-8D17-8ED0016C3EF5}.AppStore|iPhone.Build.0 = Release|Any CPU
		{D7BBE6E0-6704-4D88-8D17-8ED0016C3EF5}.AppStore|iPhoneSimulator.ActiveCfg = Release|Any CPU
		{D7BBE6E0-6704-4D88-8D17-8ED0016C3EF5}.AppStore|iPhoneSimulator.Build.0 = Release|Any CPU
		{D7BBE6E0-6704-4D88-8D17-8ED0016C3EF5}.AppStore|x64.ActiveCfg = Release|x64
		{D7BBE6E0-6704-4D88-8D17-8ED0016C3EF5}.AppStore|x64.Build.0 = Release|x64
		{D7BBE6E0-6704-4D88-8D17-8ED0016C3EF5}.AppStore|x86.ActiveCfg = Release|x86
		{D7BBE6E0-6704-4D88-8D17-8ED0016C3EF5}.AppStore|x86.Build.0 = Release|x86
		{D7BBE6E0-6704-4D88-8D17-8ED0016C3EF5}.Debug|Any CPU.ActiveCfg = Debug|Any CPU
		{D7BBE6E0-6704-4D88-8D17-8ED0016C3EF5}.Debug|Any CPU.Build.0 = Debug|Any CPU
		{D7BBE6E0-6704-4D88-8D17-8ED0016C3EF5}.Debug|ARM.ActiveCfg = Debug|ARM
		{D7BBE6E0-6704-4D88-8D17-8ED0016C3EF5}.Debug|ARM.Build.0 = Debug|ARM
		{D7BBE6E0-6704-4D88-8D17-8ED0016C3EF5}.Debug|iPhone.ActiveCfg = Debug|Any CPU
		{D7BBE6E0-6704-4D88-8D17-8ED0016C3EF5}.Debug|iPhone.Build.0 = Debug|Any CPU
		{D7BBE6E0-6704-4D88-8D17-8ED0016C3EF5}.Debug|iPhoneSimulator.ActiveCfg = Debug|Any CPU
		{D7BBE6E0-6704-4D88-8D17-8ED0016C3EF5}.Debug|iPhoneSimulator.Build.0 = Debug|Any CPU
		{D7BBE6E0-6704-4D88-8D17-8ED0016C3EF5}.Debug|x64.ActiveCfg = Debug|x64
		{D7BBE6E0-6704-4D88-8D17-8ED0016C3EF5}.Debug|x64.Build.0 = Debug|x64
		{D7BBE6E0-6704-4D88-8D17-8ED0016C3EF5}.Debug|x86.ActiveCfg = Debug|x86
		{D7BBE6E0-6704-4D88-8D17-8ED0016C3EF5}.Debug|x86.Build.0 = Debug|x86
		{D7BBE6E0-6704-4D88-8D17-8ED0016C3EF5}.Release|Any CPU.ActiveCfg = Release|Any CPU
		{D7BBE6E0-6704-4D88-8D17-8ED0016C3EF5}.Release|Any CPU.Build.0 = Release|Any CPU
		{D7BBE6E0-6704-4D88-8D17-8ED0016C3EF5}.Release|ARM.ActiveCfg = Release|ARM
		{D7BBE6E0-6704-4D88-8D17-8ED0016C3EF5}.Release|ARM.Build.0 = Release|ARM
		{D7BBE6E0-6704-4D88-8D17-8ED0016C3EF5}.Release|iPhone.ActiveCfg = Release|Any CPU
		{D7BBE6E0-6704-4D88-8D17-8ED0016C3EF5}.Release|iPhone.Build.0 = Release|Any CPU
		{D7BBE6E0-6704-4D88-8D17-8ED0016C3EF5}.Release|iPhoneSimulator.ActiveCfg = Release|Any CPU
		{D7BBE6E0-6704-4D88-8D17-8ED0016C3EF5}.Release|iPhoneSimulator.Build.0 = Release|Any CPU
		{D7BBE6E0-6704-4D88-8D17-8ED0016C3EF5}.Release|x64.ActiveCfg = Release|x64
		{D7BBE6E0-6704-4D88-8D17-8ED0016C3EF5}.Release|x64.Build.0 = Release|x64
		{D7BBE6E0-6704-4D88-8D17-8ED0016C3EF5}.Release|x86.ActiveCfg = Release|x86
		{D7BBE6E0-6704-4D88-8D17-8ED0016C3EF5}.Release|x86.Build.0 = Release|x86
	EndGlobalSection
	GlobalSection(SolutionProperties) = preSolution
		HideSolutionNode = FALSE
	EndGlobalSection
	GlobalSection(NestedProjects) = preSolution
		{8456959F-C260-43A4-A899-2E493A51F388} = {BEBAD4AA-7BD1-42D4-8469-7BF8AA18A7D6}
		{8E8B7CD0-2CE1-4442-8A14-80B4431D51A4} = {8456959F-C260-43A4-A899-2E493A51F388}
		{D3E03A3A-8CF7-4D33-B033-5D6B0D9B392D} = {8456959F-C260-43A4-A899-2E493A51F388}
		{340E9ADE-0D70-4659-BD89-EEC1334295F4} = {8456959F-C260-43A4-A899-2E493A51F388}
		{5D4EE029-E709-47C1-AF8C-B16EAB422A35} = {8456959F-C260-43A4-A899-2E493A51F388}
	EndGlobalSection
	GlobalSection(ExtensibilityGlobals) = postSolution
		SolutionGuid = {61F9AD08-1A9E-42A7-9963-A9A6B46DD6FC}
	EndGlobalSection
EndGlobal
